
Microsoft Visual Studio Solution File, Format Version 12.00
# Visual Studio 15
VisualStudioVersion = 15.0.27703.2026
MinimumVisualStudioVersion = 10.0.40219.1
Project("{FAE04EC0-301F-11D3-BF4B-00C04F79EFBC}") = "WebApp", "WebApp\WebApp.csproj", "{6EEE8890-E55F-4AE6-832B-474C9DD06941}"
EndProject
Global
	GlobalSection(SolutionConfigurationPlatforms) = preSolution
		Debug|Any CPU = Debug|Any CPU
		Release|Any CPU = Release|Any CPU
	EndGlobalSection
	GlobalSection(ProjectConfigurationPlatforms) = postSolution
		{6EEE8890-E55F-4AE6-832B-474C9DD06941}.Debug|Any CPU.ActiveCfg = Debug|Any CPU
		{6EEE8890-E55F-4AE6-832B-474C9DD06941}.Debug|Any CPU.Build.0 = Debug|Any CPU
		{6EEE8890-E55F-4AE6-832B-474C9DD06941}.Release|Any CPU.ActiveCfg = Release|Any CPU
		{6EEE8890-E55F-4AE6-832B-474C9DD06941}.Release|Any CPU.Build.0 = Release|Any CPU
	EndGlobalSection
	GlobalSection(SolutionProperties) = preSolution
		HideSolutionNode = FALSE
	EndGlobalSection
	GlobalSection(ExtensibilityGlobals) = postSolution
		SolutionGuid = {278E3D46-7EDB-46FB-9358-1CBDB1F41811}
	EndGlobalSection
EndGlobal
